
Microsoft Visual Studio Solution File, Format Version 12.00
# Visual Studio Version 17
VisualStudioVersion = 17.5.2.0
MinimumVisualStudioVersion = 10.0.40219.1
Project("{2150E333-8FDC-42A3-9474-1A3956D46DE8}") = "Nimblesite.Lql.Core", "Nimblesite.Lql.Core", "{54B846BA-A27D-B76F-8730-402A5742FF43}"
EndProject
Project("{FAE04EC0-301F-11D3-BF4B-00C04F79EFBC}") = "Nimblesite.Lql.Core", "Lql\Nimblesite.Lql.Core\Nimblesite.Lql.Core.csproj", "{6A15D05D-A3F0-41C7-BCDC-A1A5390CD181}"
EndProject
Project("{FAE04EC0-301F-11D3-BF4B-00C04F79EFBC}") = "Nimblesite.Lql.SQLite", "Lql\Nimblesite.Lql.SQLite\Nimblesite.Lql.SQLite.csproj", "{903D712A-27E0-4615-AB93-16083E5B3E3A}"
EndProject
Project("{FAE04EC0-301F-11D3-BF4B-00C04F79EFBC}") = "Nimblesite.Lql.SqlServer", "Lql\Nimblesite.Lql.SqlServer\Nimblesite.Lql.SqlServer.csproj", "{AD717205-C676-4DF9-8095-4583BA342515}"
EndProject
Project("{FAE04EC0-301F-11D3-BF4B-00C04F79EFBC}") = "Nimblesite.Lql.Tests", "Lql\Nimblesite.Lql.Tests\Nimblesite.Lql.Tests.csproj", "{707C273D-CCC9-4CF3-B234-F54B2AB3D178}"
EndProject
Project("{FAE04EC0-301F-11D3-BF4B-00C04F79EFBC}") = "Nimblesite.Lql.Cli.SQLite.Tests", "Lql\Nimblesite.Lql.Cli.SQLite.Tests\Nimblesite.Lql.Cli.SQLite.Tests.csproj", "{DC406D52-3A4B-4632-AD67-462875C067D3}"
EndProject
Project("{FAE04EC0-301F-11D3-BF4B-00C04F79EFBC}") = "Nimblesite.Lql.Postgres", "Lql\Nimblesite.Lql.Postgres\Nimblesite.Lql.Postgres.csproj", "{9DF737C9-6EE5-4255-85C9-65337350DFDD}"
EndProject
Project("{2150E333-8FDC-42A3-9474-1A3956D46DE8}") = "Nimblesite.DataProvider.Core", "Nimblesite.DataProvider.Core", "{43BAF0A3-C050-BE83-B489-7FC6F9FDE235}"
EndProject
Project("{FAE04EC0-301F-11D3-BF4B-00C04F79EFBC}") = "Nimblesite.DataProvider.Core", "DataProvider\Nimblesite.DataProvider.Core\Nimblesite.DataProvider.Core.csproj", "{7D4F4EC0-C221-4BC9-8F8C-77BD4A3D39AA}"
EndProject
Project("{FAE04EC0-301F-11D3-BF4B-00C04F79EFBC}") = "Nimblesite.DataProvider.Tests", "DataProvider\Nimblesite.DataProvider.Tests\Nimblesite.DataProvider.Tests.csproj", "{C1F8DBEE-EBA0-4C58-B7C1-F4BCC8E6674D}"
EndProject
Project("{FAE04EC0-301F-11D3-BF4B-00C04F79EFBC}") = "Nimblesite.DataProvider.SQLite", "DataProvider\Nimblesite.DataProvider.SQLite\Nimblesite.DataProvider.SQLite.csproj", "{A7EC2050-FE5E-4BBD-AF5F-7F07D3688118}"
EndProject
Project("{FAE04EC0-301F-11D3-BF4B-00C04F79EFBC}") = "Nimblesite.DataProvider.Example.Tests", "DataProvider\Nimblesite.DataProvider.Example.Tests\Nimblesite.DataProvider.Example.Tests.csproj", "{16FA9B36-CB2A-4B79-A3BE-937C94BF03F8}"
EndProject
Project("{FAE04EC0-301F-11D3-BF4B-00C04F79EFBC}") = "Nimblesite.DataProvider.Example", "DataProvider\Nimblesite.DataProvider.Example\Nimblesite.DataProvider.Example.csproj", "{EA9A0385-249F-4141-AD03-D67649110A84}"
EndProject
Project("{6EC3EE1D-3C4E-46DD-8F32-0CC8E7565705}") = "Nimblesite.Lql.TypeProvider.FSharp", "Lql\Nimblesite.Lql.TypeProvider.FSharp\Nimblesite.Lql.TypeProvider.FSharp.fsproj", "{B1234567-89AB-CDEF-0123-456789ABCDEF}"
EndProject
Project("{6EC3EE1D-3C4E-46DD-8F32-0CC8E7565705}") = "Nimblesite.DataProvider.SQLite.FSharp", "DataProvider\Nimblesite.DataProvider.SQLite.FSharp\Nimblesite.DataProvider.SQLite.FSharp.fsproj", "{D1234567-89AB-CDEF-0123-456789ABCDEF}"
EndProject
Project("{F2A71F9B-5D33-465A-A702-920D77279786}") = "Nimblesite.DataProvider.Example.FSharp", "DataProvider\Nimblesite.DataProvider.Example.FSharp\Nimblesite.DataProvider.Example.FSharp.fsproj", "{5C11B1F1-F6FF-45B9-B037-EDD054EED3F3}"
EndProject
Project("{FAE04EC0-301F-11D3-BF4B-00C04F79EFBC}") = "Nimblesite.Lql.Browser", "Lql\Nimblesite.Lql.Browser\Nimblesite.Lql.Browser.csproj", "{0D96933C-DE5D-472B-9E9F-68DD15B85CF7}"
EndProject
Project("{2150E333-8FDC-42A3-9474-1A3956D46DE8}") = "Nimblesite.Sync.Core", "Nimblesite.Sync.Core", "{5E63119C-E70B-5D45-ECC9-8CBACC584223}"
EndProject
Project("{FAE04EC0-301F-11D3-BF4B-00C04F79EFBC}") = "Nimblesite.Sync.Core", "Sync\Nimblesite.Sync.Core\Nimblesite.Sync.Core.csproj", "{C0B4116E-0635-4597-971D-6B70229FA30A}"
EndProject
Project("{FAE04EC0-301F-11D3-BF4B-00C04F79EFBC}") = "Nimblesite.Sync.SQLite", "Sync\Nimblesite.Sync.SQLite\Nimblesite.Sync.SQLite.csproj", "{9B303409-0052-45B9-8616-CC1ED80A5595}"
EndProject
Project("{FAE04EC0-301F-11D3-BF4B-00C04F79EFBC}") = "Nimblesite.Sync.Tests", "Sync\Nimblesite.Sync.Tests\Nimblesite.Sync.Tests.csproj", "{50CFDEC4-66C8-4330-8D5F-9D96A764378B}"
EndProject
Project("{FAE04EC0-301F-11D3-BF4B-00C04F79EFBC}") = "Nimblesite.Sync.SQLite.Tests", "Sync\Nimblesite.Sync.SQLite.Tests\Nimblesite.Sync.SQLite.Tests.csproj", "{3522A6C5-6205-4C7D-B805-84847035A921}"
EndProject
Project("{FAE04EC0-301F-11D3-BF4B-00C04F79EFBC}") = "Nimblesite.Sync.Http.Tests", "Sync\Nimblesite.Sync.Http.Tests\Nimblesite.Sync.Http.Tests.csproj", "{1EF92A45-C551-4B0F-9180-00E978DA499E}"
EndProject
Project("{FAE04EC0-301F-11D3-BF4B-00C04F79EFBC}") = "Nimblesite.Sync.Postgres", "Sync\Nimblesite.Sync.Postgres\Nimblesite.Sync.Postgres.csproj", "{FC26C0FB-162E-4B4F-8561-9A688F4B42D2}"
EndProject
Project("{FAE04EC0-301F-11D3-BF4B-00C04F79EFBC}") = "Nimblesite.Sync.Postgres.Tests", "Sync\Nimblesite.Sync.Postgres.Tests\Nimblesite.Sync.Postgres.Tests.csproj", "{D295DE84-3797-46B4-812E-E56FB629A341}"
EndProject
Project("{FAE04EC0-301F-11D3-BF4B-00C04F79EFBC}") = "Nimblesite.Sync.Integration.Tests", "Sync\Nimblesite.Sync.Integration.Tests\Nimblesite.Sync.Integration.Tests.csproj", "{1ACC151C-A655-472F-9177-996410A41665}"
EndProject
Project("{2150E333-8FDC-42A3-9474-1A3956D46DE8}") = "Nimblesite.DataProvider.Migration.Core", "Nimblesite.DataProvider.Migration.Core", "{C7F49633-8D5E-7E19-1580-A6459B2EAE66}"
EndProject
Project("{FAE04EC0-301F-11D3-BF4B-00C04F79EFBC}") = "Nimblesite.DataProvider.Migration.Core", "Migration\Nimblesite.DataProvider.Migration.Core\Nimblesite.DataProvider.Migration.Core.csproj", "{5EB8D367-90CC-473F-8F89-B898D8F8BD43}"
EndProject
Project("{FAE04EC0-301F-11D3-BF4B-00C04F79EFBC}") = "Nimblesite.DataProvider.Migration.SQLite", "Migration\Nimblesite.DataProvider.Migration.SQLite\Nimblesite.DataProvider.Migration.SQLite.csproj", "{99B714F6-43FE-46F6-A9B3-B362B8B8F87D}"
EndProject
Project("{FAE04EC0-301F-11D3-BF4B-00C04F79EFBC}") = "Nimblesite.DataProvider.Migration.Postgres", "Migration\Nimblesite.DataProvider.Migration.Postgres\Nimblesite.DataProvider.Migration.Postgres.csproj", "{988EAF3A-7320-4630-AFDC-233AC33AAA65}"
EndProject
Project("{FAE04EC0-301F-11D3-BF4B-00C04F79EFBC}") = "Nimblesite.DataProvider.Migration.Tests", "Migration\Nimblesite.DataProvider.Migration.Tests\Nimblesite.DataProvider.Migration.Tests.csproj", "{E23F2826-1857-4C3F-A90B-D4443DD84EFA}"
EndProject
Project("{2150E333-8FDC-42A3-9474-1A3956D46DE8}") = "Misc", "Misc", "{C841F5C2-8F30-5BE9-ECA6-260644CF6F9F}"
EndProject
Project("{FAE04EC0-301F-11D3-BF4B-00C04F79EFBC}") = "Nimblesite.Sql.Model", "Other\Nimblesite.Sql.Model\Nimblesite.Sql.Model.csproj", "{BE9AC443-C15D-4962-A8D2-0CCD328E6B68}"
EndProject
Project("{FAE04EC0-301F-11D3-BF4B-00C04F79EFBC}") = "Nimblesite.Sync.Http", "Sync\Nimblesite.Sync.Http\Nimblesite.Sync.Http.csproj", "{392C12C2-ECBA-4728-9D8D-54BD2E10F7ED}"
EndProject
Project("{FAE04EC0-301F-11D3-BF4B-00C04F79EFBC}") = "DataProviderMigrate", "Migration\DataProviderMigrate\DataProviderMigrate.csproj", "{57572A45-33CD-4928-9C30-13480AEDB313}"
EndProject
Project("{FAE04EC0-301F-11D3-BF4B-00C04F79EFBC}") = "DataProvider", "DataProvider\DataProvider\DataProvider.csproj", "{A8A70E6D-1D43-437F-9971-44A4FA1BDD74}"
EndProject
Project("{FAE04EC0-301F-11D3-BF4B-00C04F79EFBC}") = "Nimblesite.Lql.Website", "Lql\Nimblesite.Lql.Website\Nimblesite.Lql.Website.csproj", "{6AB2EA96-4A75-49DB-AC65-B247BBFAE9A3}"
EndProject
Project("{F2A71F9B-5D33-465A-A702-920D77279786}") = "Nimblesite.Lql.TypeProvider.FSharp.Tests", "Lql\Nimblesite.Lql.TypeProvider.FSharp.Tests\Nimblesite.Lql.TypeProvider.FSharp.Tests.fsproj", "{B0104C42-1B46-4CA5-9E91-A5F09D7E5B92}"
EndProject
Project("{FAE04EC0-301F-11D3-BF4B-00C04F79EFBC}") = "Nimblesite.Lql.TypeProvider.FSharp.Tests.Data", "Lql\Nimblesite.Lql.TypeProvider.FSharp.Tests.Data\Nimblesite.Lql.TypeProvider.FSharp.Tests.Data.csproj", "{0D6A831B-4759-46F2-8527-51C8A9CB6F6F}"
EndProject
Project("{FAE04EC0-301F-11D3-BF4B-00C04F79EFBC}") = "ICD10AM.Api", "Samples\ICD10CM\ICD10AM.Api\ICD10AM.Api.csproj", "{94C443C0-AB5B-4FEC-9DB1-C1F29AB86653}"
EndProject
Project("{FAE04EC0-301F-11D3-BF4B-00C04F79EFBC}") = "ICD10AM.Api.Tests", "Samples\ICD10CM\ICD10AM.Api.Tests\ICD10AM.Api.Tests.csproj", "{31970639-E4E9-4AEF-83A1-B4DF00A4720C}"
EndProject
Project("{FAE04EC0-301F-11D3-BF4B-00C04F79EFBC}") = "ICD10AM.Cli", "Samples\ICD10CM\ICD10AM.Cli\ICD10AM.Cli.csproj", "{57FF1C59-233D-49F2-B9A5-3E996EB484DE}"
EndProject
Project("{2150E333-8FDC-42A3-9474-1A3956D46DE8}") = "DataProvider", "DataProvider", "{6C7402B1-8968-47EB-8CE8-51768E9CAD79}"
EndProject
Project("{FAE04EC0-301F-11D3-BF4B-00C04F79EFBC}") = "Nimblesite.Reporting.Api", "Reporting\Nimblesite.Reporting.Api\Nimblesite.Reporting.Api.csproj", "{1B908378-2196-4396-AFB4-C2FA3E4D71F7}"
EndProject
Project("{FAE04EC0-301F-11D3-BF4B-00C04F79EFBC}") = "Nimblesite.Reporting.Tests", "Reporting\Nimblesite.Reporting.Tests\Nimblesite.Reporting.Tests.csproj", "{99C7B597-0B71-429C-89F8-A2AF6727D5B2}"
EndProject
Project("{FAE04EC0-301F-11D3-BF4B-00C04F79EFBC}") = "Nimblesite.Reporting.Integration.Tests", "Reporting\Nimblesite.Reporting.Integration.Tests\Nimblesite.Reporting.Integration.Tests.csproj", "{6BB769C2-4164-4781-A68F-516172A048F1}"
EndProject
Project("{FAE04EC0-301F-11D3-BF4B-00C04F79EFBC}") = "Nimblesite.Reporting.React", "Reporting\Nimblesite.Reporting.React\Nimblesite.Reporting.React.csproj", "{79CF7074-2442-402D-8E17-E7B222B00200}"
Project("{FAE04EC0-301F-11D3-BF4B-00C04F79EFBC}") = "ICD10AM.Cli.Tests", "Samples\ICD10CM\ICD10AM.Cli.Tests\ICD10AM.Cli.Tests.csproj", "{3A1E29E7-2A50-4F26-96D7-D38D3328E595}"
EndProject
Project("{FAE04EC0-301F-11D3-BF4B-00C04F79EFBC}") = "Nimblesite.DataProvider.Postgres", "DataProvider\Nimblesite.DataProvider.Postgres\Nimblesite.DataProvider.Postgres.csproj", "{A8E3E98F-3705-4AC7-BF59-ACD2D90C7504}"
EndProject
Project("{FAE04EC0-301F-11D3-BF4B-00C04F79EFBC}") = "Nimblesite.DataProvider.Postgres.Tests", "DataProvider\Nimblesite.DataProvider.Postgres.Tests\Nimblesite.DataProvider.Postgres.Tests.csproj", "{844487F2-1F62-4EAA-AE15-0E2A73C5EC96}"
EndProject
Project("{FAE04EC0-301F-11D3-BF4B-00C04F79EFBC}") = "Nimblesite.DataProvider.Parsing.Tests", "DataProvider\Nimblesite.DataProvider.Parsing.Tests\Nimblesite.DataProvider.Parsing.Tests.csproj", "{8E38A258-EA12-40DD-9268-9A6047DB2368}"
EndProject
Project("{2150E333-8FDC-42A3-9474-1A3956D46DE8}") = "Lql", "Lql", "{54B846BA-A27D-B76F-8730-402A5742FF43}"
EndProject
Project("{FAE04EC0-301F-11D3-BF4B-00C04F79EFBC}") = "Lql", "Lql\Lql\Lql.csproj", "{0309F6C0-C462-49D6-83D5-7C4B93066AD3}"
EndProject
Global
	GlobalSection(SolutionConfigurationPlatforms) = preSolution
		Debug|Any CPU = Debug|Any CPU
		Debug|x64 = Debug|x64
		Debug|x86 = Debug|x86
		Release|Any CPU = Release|Any CPU
		Release|x64 = Release|x64
		Release|x86 = Release|x86
	EndGlobalSection
	GlobalSection(ProjectConfigurationPlatforms) = postSolution
		{6A15D05D-A3F0-41C7-BCDC-A1A5390CD181}.Debug|Any CPU.ActiveCfg = Debug|Any CPU
		{6A15D05D-A3F0-41C7-BCDC-A1A5390CD181}.Debug|Any CPU.Build.0 = Debug|Any CPU
		{6A15D05D-A3F0-41C7-BCDC-A1A5390CD181}.Debug|x64.ActiveCfg = Debug|Any CPU
		{6A15D05D-A3F0-41C7-BCDC-A1A5390CD181}.Debug|x64.Build.0 = Debug|Any CPU
		{6A15D05D-A3F0-41C7-BCDC-A1A5390CD181}.Debug|x86.ActiveCfg = Debug|Any CPU
		{6A15D05D-A3F0-41C7-BCDC-A1A5390CD181}.Debug|x86.Build.0 = Debug|Any CPU
		{6A15D05D-A3F0-41C7-BCDC-A1A5390CD181}.Release|Any CPU.ActiveCfg = Release|Any CPU
		{6A15D05D-A3F0-41C7-BCDC-A1A5390CD181}.Release|Any CPU.Build.0 = Release|Any CPU
		{6A15D05D-A3F0-41C7-BCDC-A1A5390CD181}.Release|x64.ActiveCfg = Release|Any CPU
		{6A15D05D-A3F0-41C7-BCDC-A1A5390CD181}.Release|x64.Build.0 = Release|Any CPU
		{6A15D05D-A3F0-41C7-BCDC-A1A5390CD181}.Release|x86.ActiveCfg = Release|Any CPU
		{6A15D05D-A3F0-41C7-BCDC-A1A5390CD181}.Release|x86.Build.0 = Release|Any CPU
		{903D712A-27E0-4615-AB93-16083E5B3E3A}.Debug|Any CPU.ActiveCfg = Debug|Any CPU
		{903D712A-27E0-4615-AB93-16083E5B3E3A}.Debug|Any CPU.Build.0 = Debug|Any CPU
		{903D712A-27E0-4615-AB93-16083E5B3E3A}.Debug|x64.ActiveCfg = Debug|Any CPU
		{903D712A-27E0-4615-AB93-16083E5B3E3A}.Debug|x64.Build.0 = Debug|Any CPU
		{903D712A-27E0-4615-AB93-16083E5B3E3A}.Debug|x86.ActiveCfg = Debug|Any CPU
		{903D712A-27E0-4615-AB93-16083E5B3E3A}.Debug|x86.Build.0 = Debug|Any CPU
		{903D712A-27E0-4615-AB93-16083E5B3E3A}.Release|Any CPU.ActiveCfg = Release|Any CPU
		{903D712A-27E0-4615-AB93-16083E5B3E3A}.Release|Any CPU.Build.0 = Release|Any CPU
		{903D712A-27E0-4615-AB93-16083E5B3E3A}.Release|x64.ActiveCfg = Release|Any CPU
		{903D712A-27E0-4615-AB93-16083E5B3E3A}.Release|x64.Build.0 = Release|Any CPU
		{903D712A-27E0-4615-AB93-16083E5B3E3A}.Release|x86.ActiveCfg = Release|Any CPU
		{903D712A-27E0-4615-AB93-16083E5B3E3A}.Release|x86.Build.0 = Release|Any CPU
		{AD717205-C676-4DF9-8095-4583BA342515}.Debug|Any CPU.ActiveCfg = Debug|Any CPU
		{AD717205-C676-4DF9-8095-4583BA342515}.Debug|Any CPU.Build.0 = Debug|Any CPU
		{AD717205-C676-4DF9-8095-4583BA342515}.Debug|x64.ActiveCfg = Debug|Any CPU
		{AD717205-C676-4DF9-8095-4583BA342515}.Debug|x64.Build.0 = Debug|Any CPU
		{AD717205-C676-4DF9-8095-4583BA342515}.Debug|x86.ActiveCfg = Debug|Any CPU
		{AD717205-C676-4DF9-8095-4583BA342515}.Debug|x86.Build.0 = Debug|Any CPU
		{AD717205-C676-4DF9-8095-4583BA342515}.Release|Any CPU.ActiveCfg = Release|Any CPU
		{AD717205-C676-4DF9-8095-4583BA342515}.Release|Any CPU.Build.0 = Release|Any CPU
		{AD717205-C676-4DF9-8095-4583BA342515}.Release|x64.ActiveCfg = Release|Any CPU
		{AD717205-C676-4DF9-8095-4583BA342515}.Release|x64.Build.0 = Release|Any CPU
		{AD717205-C676-4DF9-8095-4583BA342515}.Release|x86.ActiveCfg = Release|Any CPU
		{AD717205-C676-4DF9-8095-4583BA342515}.Release|x86.Build.0 = Release|Any CPU
		{707C273D-CCC9-4CF3-B234-F54B2AB3D178}.Debug|Any CPU.ActiveCfg = Debug|Any CPU
		{707C273D-CCC9-4CF3-B234-F54B2AB3D178}.Debug|Any CPU.Build.0 = Debug|Any CPU
		{707C273D-CCC9-4CF3-B234-F54B2AB3D178}.Debug|x64.ActiveCfg = Debug|Any CPU
		{707C273D-CCC9-4CF3-B234-F54B2AB3D178}.Debug|x64.Build.0 = Debug|Any CPU
		{707C273D-CCC9-4CF3-B234-F54B2AB3D178}.Debug|x86.ActiveCfg = Debug|Any CPU
		{707C273D-CCC9-4CF3-B234-F54B2AB3D178}.Debug|x86.Build.0 = Debug|Any CPU
		{707C273D-CCC9-4CF3-B234-F54B2AB3D178}.Release|Any CPU.ActiveCfg = Release|Any CPU
		{707C273D-CCC9-4CF3-B234-F54B2AB3D178}.Release|Any CPU.Build.0 = Release|Any CPU
		{707C273D-CCC9-4CF3-B234-F54B2AB3D178}.Release|x64.ActiveCfg = Release|Any CPU
		{707C273D-CCC9-4CF3-B234-F54B2AB3D178}.Release|x64.Build.0 = Release|Any CPU
		{707C273D-CCC9-4CF3-B234-F54B2AB3D178}.Release|x86.ActiveCfg = Release|Any CPU
		{707C273D-CCC9-4CF3-B234-F54B2AB3D178}.Release|x86.Build.0 = Release|Any CPU
		{DC406D52-3A4B-4632-AD67-462875C067D3}.Debug|Any CPU.ActiveCfg = Debug|Any CPU
		{DC406D52-3A4B-4632-AD67-462875C067D3}.Debug|Any CPU.Build.0 = Debug|Any CPU
		{DC406D52-3A4B-4632-AD67-462875C067D3}.Debug|x64.ActiveCfg = Debug|Any CPU
		{DC406D52-3A4B-4632-AD67-462875C067D3}.Debug|x64.Build.0 = Debug|Any CPU
		{DC406D52-3A4B-4632-AD67-462875C067D3}.Debug|x86.ActiveCfg = Debug|Any CPU
		{DC406D52-3A4B-4632-AD67-462875C067D3}.Debug|x86.Build.0 = Debug|Any CPU
		{DC406D52-3A4B-4632-AD67-462875C067D3}.Release|Any CPU.ActiveCfg = Release|Any CPU
		{DC406D52-3A4B-4632-AD67-462875C067D3}.Release|Any CPU.Build.0 = Release|Any CPU
		{DC406D52-3A4B-4632-AD67-462875C067D3}.Release|x64.ActiveCfg = Release|Any CPU
		{DC406D52-3A4B-4632-AD67-462875C067D3}.Release|x64.Build.0 = Release|Any CPU
		{DC406D52-3A4B-4632-AD67-462875C067D3}.Release|x86.ActiveCfg = Release|Any CPU
		{DC406D52-3A4B-4632-AD67-462875C067D3}.Release|x86.Build.0 = Release|Any CPU
		{9DF737C9-6EE5-4255-85C9-65337350DFDD}.Debug|Any CPU.ActiveCfg = Debug|Any CPU
		{9DF737C9-6EE5-4255-85C9-65337350DFDD}.Debug|Any CPU.Build.0 = Debug|Any CPU
		{9DF737C9-6EE5-4255-85C9-65337350DFDD}.Debug|x64.ActiveCfg = Debug|Any CPU
		{9DF737C9-6EE5-4255-85C9-65337350DFDD}.Debug|x64.Build.0 = Debug|Any CPU
		{9DF737C9-6EE5-4255-85C9-65337350DFDD}.Debug|x86.ActiveCfg = Debug|Any CPU
		{9DF737C9-6EE5-4255-85C9-65337350DFDD}.Debug|x86.Build.0 = Debug|Any CPU
		{9DF737C9-6EE5-4255-85C9-65337350DFDD}.Release|Any CPU.ActiveCfg = Release|Any CPU
		{9DF737C9-6EE5-4255-85C9-65337350DFDD}.Release|Any CPU.Build.0 = Release|Any CPU
		{9DF737C9-6EE5-4255-85C9-65337350DFDD}.Release|x64.ActiveCfg = Release|Any CPU
		{9DF737C9-6EE5-4255-85C9-65337350DFDD}.Release|x64.Build.0 = Release|Any CPU
		{9DF737C9-6EE5-4255-85C9-65337350DFDD}.Release|x86.ActiveCfg = Release|Any CPU
		{9DF737C9-6EE5-4255-85C9-65337350DFDD}.Release|x86.Build.0 = Release|Any CPU
		{7D4F4EC0-C221-4BC9-8F8C-77BD4A3D39AA}.Debug|Any CPU.ActiveCfg = Debug|Any CPU
		{7D4F4EC0-C221-4BC9-8F8C-77BD4A3D39AA}.Debug|Any CPU.Build.0 = Debug|Any CPU
		{7D4F4EC0-C221-4BC9-8F8C-77BD4A3D39AA}.Debug|x64.ActiveCfg = Debug|Any CPU
		{7D4F4EC0-C221-4BC9-8F8C-77BD4A3D39AA}.Debug|x64.Build.0 = Debug|Any CPU
		{7D4F4EC0-C221-4BC9-8F8C-77BD4A3D39AA}.Debug|x86.ActiveCfg = Debug|Any CPU
		{7D4F4EC0-C221-4BC9-8F8C-77BD4A3D39AA}.Debug|x86.Build.0 = Debug|Any CPU
		{7D4F4EC0-C221-4BC9-8F8C-77BD4A3D39AA}.Release|Any CPU.ActiveCfg = Release|Any CPU
		{7D4F4EC0-C221-4BC9-8F8C-77BD4A3D39AA}.Release|Any CPU.Build.0 = Release|Any CPU
		{7D4F4EC0-C221-4BC9-8F8C-77BD4A3D39AA}.Release|x64.ActiveCfg = Release|Any CPU
		{7D4F4EC0-C221-4BC9-8F8C-77BD4A3D39AA}.Release|x64.Build.0 = Release|Any CPU
		{7D4F4EC0-C221-4BC9-8F8C-77BD4A3D39AA}.Release|x86.ActiveCfg = Release|Any CPU
		{7D4F4EC0-C221-4BC9-8F8C-77BD4A3D39AA}.Release|x86.Build.0 = Release|Any CPU
		{C1F8DBEE-EBA0-4C58-B7C1-F4BCC8E6674D}.Debug|Any CPU.ActiveCfg = Debug|Any CPU
		{C1F8DBEE-EBA0-4C58-B7C1-F4BCC8E6674D}.Debug|Any CPU.Build.0 = Debug|Any CPU
		{C1F8DBEE-EBA0-4C58-B7C1-F4BCC8E6674D}.Debug|x64.ActiveCfg = Debug|Any CPU
		{C1F8DBEE-EBA0-4C58-B7C1-F4BCC8E6674D}.Debug|x64.Build.0 = Debug|Any CPU
		{C1F8DBEE-EBA0-4C58-B7C1-F4BCC8E6674D}.Debug|x86.ActiveCfg = Debug|Any CPU
		{C1F8DBEE-EBA0-4C58-B7C1-F4BCC8E6674D}.Debug|x86.Build.0 = Debug|Any CPU
		{C1F8DBEE-EBA0-4C58-B7C1-F4BCC8E6674D}.Release|Any CPU.ActiveCfg = Release|Any CPU
		{C1F8DBEE-EBA0-4C58-B7C1-F4BCC8E6674D}.Release|Any CPU.Build.0 = Release|Any CPU
		{C1F8DBEE-EBA0-4C58-B7C1-F4BCC8E6674D}.Release|x64.ActiveCfg = Release|Any CPU
		{C1F8DBEE-EBA0-4C58-B7C1-F4BCC8E6674D}.Release|x64.Build.0 = Release|Any CPU
		{C1F8DBEE-EBA0-4C58-B7C1-F4BCC8E6674D}.Release|x86.ActiveCfg = Release|Any CPU
		{C1F8DBEE-EBA0-4C58-B7C1-F4BCC8E6674D}.Release|x86.Build.0 = Release|Any CPU
		{A7EC2050-FE5E-4BBD-AF5F-7F07D3688118}.Debug|Any CPU.ActiveCfg = Debug|Any CPU
		{A7EC2050-FE5E-4BBD-AF5F-7F07D3688118}.Debug|Any CPU.Build.0 = Debug|Any CPU
		{A7EC2050-FE5E-4BBD-AF5F-7F07D3688118}.Debug|x64.ActiveCfg = Debug|Any CPU
		{A7EC2050-FE5E-4BBD-AF5F-7F07D3688118}.Debug|x64.Build.0 = Debug|Any CPU
		{A7EC2050-FE5E-4BBD-AF5F-7F07D3688118}.Debug|x86.ActiveCfg = Debug|Any CPU
		{A7EC2050-FE5E-4BBD-AF5F-7F07D3688118}.Debug|x86.Build.0 = Debug|Any CPU
		{A7EC2050-FE5E-4BBD-AF5F-7F07D3688118}.Release|Any CPU.ActiveCfg = Release|Any CPU
		{A7EC2050-FE5E-4BBD-AF5F-7F07D3688118}.Release|Any CPU.Build.0 = Release|Any CPU
		{A7EC2050-FE5E-4BBD-AF5F-7F07D3688118}.Release|x64.ActiveCfg = Release|Any CPU
		{A7EC2050-FE5E-4BBD-AF5F-7F07D3688118}.Release|x64.Build.0 = Release|Any CPU
		{A7EC2050-FE5E-4BBD-AF5F-7F07D3688118}.Release|x86.ActiveCfg = Release|Any CPU
		{A7EC2050-FE5E-4BBD-AF5F-7F07D3688118}.Release|x86.Build.0 = Release|Any CPU
		{16FA9B36-CB2A-4B79-A3BE-937C94BF03F8}.Debug|Any CPU.ActiveCfg = Debug|Any CPU
		{16FA9B36-CB2A-4B79-A3BE-937C94BF03F8}.Debug|Any CPU.Build.0 = Debug|Any CPU
		{16FA9B36-CB2A-4B79-A3BE-937C94BF03F8}.Debug|x64.ActiveCfg = Debug|Any CPU
		{16FA9B36-CB2A-4B79-A3BE-937C94BF03F8}.Debug|x64.Build.0 = Debug|Any CPU
		{16FA9B36-CB2A-4B79-A3BE-937C94BF03F8}.Debug|x86.ActiveCfg = Debug|Any CPU
		{16FA9B36-CB2A-4B79-A3BE-937C94BF03F8}.Debug|x86.Build.0 = Debug|Any CPU
		{16FA9B36-CB2A-4B79-A3BE-937C94BF03F8}.Release|Any CPU.ActiveCfg = Release|Any CPU
		{16FA9B36-CB2A-4B79-A3BE-937C94BF03F8}.Release|Any CPU.Build.0 = Release|Any CPU
		{16FA9B36-CB2A-4B79-A3BE-937C94BF03F8}.Release|x64.ActiveCfg = Release|Any CPU
		{16FA9B36-CB2A-4B79-A3BE-937C94BF03F8}.Release|x64.Build.0 = Release|Any CPU
		{16FA9B36-CB2A-4B79-A3BE-937C94BF03F8}.Release|x86.ActiveCfg = Release|Any CPU
		{16FA9B36-CB2A-4B79-A3BE-937C94BF03F8}.Release|x86.Build.0 = Release|Any CPU
		{EA9A0385-249F-4141-AD03-D67649110A84}.Debug|Any CPU.ActiveCfg = Debug|Any CPU
		{EA9A0385-249F-4141-AD03-D67649110A84}.Debug|Any CPU.Build.0 = Debug|Any CPU
		{EA9A0385-249F-4141-AD03-D67649110A84}.Debug|x64.ActiveCfg = Debug|Any CPU
		{EA9A0385-249F-4141-AD03-D67649110A84}.Debug|x64.Build.0 = Debug|Any CPU
		{EA9A0385-249F-4141-AD03-D67649110A84}.Debug|x86.ActiveCfg = Debug|Any CPU
		{EA9A0385-249F-4141-AD03-D67649110A84}.Debug|x86.Build.0 = Debug|Any CPU
		{EA9A0385-249F-4141-AD03-D67649110A84}.Release|Any CPU.ActiveCfg = Release|Any CPU
		{EA9A0385-249F-4141-AD03-D67649110A84}.Release|Any CPU.Build.0 = Release|Any CPU
		{EA9A0385-249F-4141-AD03-D67649110A84}.Release|x64.ActiveCfg = Release|Any CPU
		{EA9A0385-249F-4141-AD03-D67649110A84}.Release|x64.Build.0 = Release|Any CPU
		{EA9A0385-249F-4141-AD03-D67649110A84}.Release|x86.ActiveCfg = Release|Any CPU
		{EA9A0385-249F-4141-AD03-D67649110A84}.Release|x86.Build.0 = Release|Any CPU
		{B1234567-89AB-CDEF-0123-456789ABCDEF}.Debug|Any CPU.ActiveCfg = Debug|Any CPU
		{B1234567-89AB-CDEF-0123-456789ABCDEF}.Debug|Any CPU.Build.0 = Debug|Any CPU
		{B1234567-89AB-CDEF-0123-456789ABCDEF}.Debug|x64.ActiveCfg = Debug|Any CPU
		{B1234567-89AB-CDEF-0123-456789ABCDEF}.Debug|x64.Build.0 = Debug|Any CPU
		{B1234567-89AB-CDEF-0123-456789ABCDEF}.Debug|x86.ActiveCfg = Debug|Any CPU
		{B1234567-89AB-CDEF-0123-456789ABCDEF}.Debug|x86.Build.0 = Debug|Any CPU
		{B1234567-89AB-CDEF-0123-456789ABCDEF}.Release|Any CPU.ActiveCfg = Release|Any CPU
		{B1234567-89AB-CDEF-0123-456789ABCDEF}.Release|Any CPU.Build.0 = Release|Any CPU
		{B1234567-89AB-CDEF-0123-456789ABCDEF}.Release|x64.ActiveCfg = Release|Any CPU
		{B1234567-89AB-CDEF-0123-456789ABCDEF}.Release|x64.Build.0 = Release|Any CPU
		{B1234567-89AB-CDEF-0123-456789ABCDEF}.Release|x86.ActiveCfg = Release|Any CPU
		{B1234567-89AB-CDEF-0123-456789ABCDEF}.Release|x86.Build.0 = Release|Any CPU
		{D1234567-89AB-CDEF-0123-456789ABCDEF}.Debug|Any CPU.ActiveCfg = Debug|Any CPU
		{D1234567-89AB-CDEF-0123-456789ABCDEF}.Debug|Any CPU.Build.0 = Debug|Any CPU
		{D1234567-89AB-CDEF-0123-456789ABCDEF}.Debug|x64.ActiveCfg = Debug|Any CPU
		{D1234567-89AB-CDEF-0123-456789ABCDEF}.Debug|x64.Build.0 = Debug|Any CPU
		{D1234567-89AB-CDEF-0123-456789ABCDEF}.Debug|x86.ActiveCfg = Debug|Any CPU
		{D1234567-89AB-CDEF-0123-456789ABCDEF}.Debug|x86.Build.0 = Debug|Any CPU
		{D1234567-89AB-CDEF-0123-456789ABCDEF}.Release|Any CPU.ActiveCfg = Release|Any CPU
		{D1234567-89AB-CDEF-0123-456789ABCDEF}.Release|Any CPU.Build.0 = Release|Any CPU
		{D1234567-89AB-CDEF-0123-456789ABCDEF}.Release|x64.ActiveCfg = Release|Any CPU
		{D1234567-89AB-CDEF-0123-456789ABCDEF}.Release|x64.Build.0 = Release|Any CPU
		{D1234567-89AB-CDEF-0123-456789ABCDEF}.Release|x86.ActiveCfg = Release|Any CPU
		{D1234567-89AB-CDEF-0123-456789ABCDEF}.Release|x86.Build.0 = Release|Any CPU
		{5C11B1F1-F6FF-45B9-B037-EDD054EED3F3}.Debug|Any CPU.ActiveCfg = Debug|Any CPU
		{5C11B1F1-F6FF-45B9-B037-EDD054EED3F3}.Debug|Any CPU.Build.0 = Debug|Any CPU
		{5C11B1F1-F6FF-45B9-B037-EDD054EED3F3}.Debug|x64.ActiveCfg = Debug|Any CPU
		{5C11B1F1-F6FF-45B9-B037-EDD054EED3F3}.Debug|x64.Build.0 = Debug|Any CPU
		{5C11B1F1-F6FF-45B9-B037-EDD054EED3F3}.Debug|x86.ActiveCfg = Debug|Any CPU
		{5C11B1F1-F6FF-45B9-B037-EDD054EED3F3}.Debug|x86.Build.0 = Debug|Any CPU
		{5C11B1F1-F6FF-45B9-B037-EDD054EED3F3}.Release|Any CPU.ActiveCfg = Release|Any CPU
		{5C11B1F1-F6FF-45B9-B037-EDD054EED3F3}.Release|Any CPU.Build.0 = Release|Any CPU
		{5C11B1F1-F6FF-45B9-B037-EDD054EED3F3}.Release|x64.ActiveCfg = Release|Any CPU
		{5C11B1F1-F6FF-45B9-B037-EDD054EED3F3}.Release|x64.Build.0 = Release|Any CPU
		{5C11B1F1-F6FF-45B9-B037-EDD054EED3F3}.Release|x86.ActiveCfg = Release|Any CPU
		{5C11B1F1-F6FF-45B9-B037-EDD054EED3F3}.Release|x86.Build.0 = Release|Any CPU
		{0D96933C-DE5D-472B-9E9F-68DD15B85CF7}.Debug|Any CPU.ActiveCfg = Debug|Any CPU
		{0D96933C-DE5D-472B-9E9F-68DD15B85CF7}.Debug|Any CPU.Build.0 = Debug|Any CPU
		{0D96933C-DE5D-472B-9E9F-68DD15B85CF7}.Debug|x64.ActiveCfg = Debug|Any CPU
		{0D96933C-DE5D-472B-9E9F-68DD15B85CF7}.Debug|x64.Build.0 = Debug|Any CPU
		{0D96933C-DE5D-472B-9E9F-68DD15B85CF7}.Debug|x86.ActiveCfg = Debug|Any CPU
		{0D96933C-DE5D-472B-9E9F-68DD15B85CF7}.Debug|x86.Build.0 = Debug|Any CPU
		{0D96933C-DE5D-472B-9E9F-68DD15B85CF7}.Release|Any CPU.ActiveCfg = Release|Any CPU
		{0D96933C-DE5D-472B-9E9F-68DD15B85CF7}.Release|Any CPU.Build.0 = Release|Any CPU
		{0D96933C-DE5D-472B-9E9F-68DD15B85CF7}.Release|x64.ActiveCfg = Release|Any CPU
		{0D96933C-DE5D-472B-9E9F-68DD15B85CF7}.Release|x64.Build.0 = Release|Any CPU
		{0D96933C-DE5D-472B-9E9F-68DD15B85CF7}.Release|x86.ActiveCfg = Release|Any CPU
		{0D96933C-DE5D-472B-9E9F-68DD15B85CF7}.Release|x86.Build.0 = Release|Any CPU
		{C0B4116E-0635-4597-971D-6B70229FA30A}.Debug|Any CPU.ActiveCfg = Debug|Any CPU
		{C0B4116E-0635-4597-971D-6B70229FA30A}.Debug|Any CPU.Build.0 = Debug|Any CPU
		{C0B4116E-0635-4597-971D-6B70229FA30A}.Debug|x64.ActiveCfg = Debug|Any CPU
		{C0B4116E-0635-4597-971D-6B70229FA30A}.Debug|x64.Build.0 = Debug|Any CPU
		{C0B4116E-0635-4597-971D-6B70229FA30A}.Debug|x86.ActiveCfg = Debug|Any CPU
		{C0B4116E-0635-4597-971D-6B70229FA30A}.Debug|x86.Build.0 = Debug|Any CPU
		{C0B4116E-0635-4597-971D-6B70229FA30A}.Release|Any CPU.ActiveCfg = Release|Any CPU
		{C0B4116E-0635-4597-971D-6B70229FA30A}.Release|Any CPU.Build.0 = Release|Any CPU
		{C0B4116E-0635-4597-971D-6B70229FA30A}.Release|x64.ActiveCfg = Release|Any CPU
		{C0B4116E-0635-4597-971D-6B70229FA30A}.Release|x64.Build.0 = Release|Any CPU
		{C0B4116E-0635-4597-971D-6B70229FA30A}.Release|x86.ActiveCfg = Release|Any CPU
		{C0B4116E-0635-4597-971D-6B70229FA30A}.Release|x86.Build.0 = Release|Any CPU
		{9B303409-0052-45B9-8616-CC1ED80A5595}.Debug|Any CPU.ActiveCfg = Debug|Any CPU
		{9B303409-0052-45B9-8616-CC1ED80A5595}.Debug|Any CPU.Build.0 = Debug|Any CPU
		{9B303409-0052-45B9-8616-CC1ED80A5595}.Debug|x64.ActiveCfg = Debug|Any CPU
		{9B303409-0052-45B9-8616-CC1ED80A5595}.Debug|x64.Build.0 = Debug|Any CPU
		{9B303409-0052-45B9-8616-CC1ED80A5595}.Debug|x86.ActiveCfg = Debug|Any CPU
		{9B303409-0052-45B9-8616-CC1ED80A5595}.Debug|x86.Build.0 = Debug|Any CPU
		{9B303409-0052-45B9-8616-CC1ED80A5595}.Release|Any CPU.ActiveCfg = Release|Any CPU
		{9B303409-0052-45B9-8616-CC1ED80A5595}.Release|Any CPU.Build.0 = Release|Any CPU
		{9B303409-0052-45B9-8616-CC1ED80A5595}.Release|x64.ActiveCfg = Release|Any CPU
		{9B303409-0052-45B9-8616-CC1ED80A5595}.Release|x64.Build.0 = Release|Any CPU
		{9B303409-0052-45B9-8616-CC1ED80A5595}.Release|x86.ActiveCfg = Release|Any CPU
		{9B303409-0052-45B9-8616-CC1ED80A5595}.Release|x86.Build.0 = Release|Any CPU
		{50CFDEC4-66C8-4330-8D5F-9D96A764378B}.Debug|Any CPU.ActiveCfg = Debug|Any CPU
		{50CFDEC4-66C8-4330-8D5F-9D96A764378B}.Debug|Any CPU.Build.0 = Debug|Any CPU
		{50CFDEC4-66C8-4330-8D5F-9D96A764378B}.Debug|x64.ActiveCfg = Debug|Any CPU
		{50CFDEC4-66C8-4330-8D5F-9D96A764378B}.Debug|x64.Build.0 = Debug|Any CPU
		{50CFDEC4-66C8-4330-8D5F-9D96A764378B}.Debug|x86.ActiveCfg = Debug|Any CPU
		{50CFDEC4-66C8-4330-8D5F-9D96A764378B}.Debug|x86.Build.0 = Debug|Any CPU
		{50CFDEC4-66C8-4330-8D5F-9D96A764378B}.Release|Any CPU.ActiveCfg = Release|Any CPU
		{50CFDEC4-66C8-4330-8D5F-9D96A764378B}.Release|Any CPU.Build.0 = Release|Any CPU
		{50CFDEC4-66C8-4330-8D5F-9D96A764378B}.Release|x64.ActiveCfg = Release|Any CPU
		{50CFDEC4-66C8-4330-8D5F-9D96A764378B}.Release|x64.Build.0 = Release|Any CPU
		{50CFDEC4-66C8-4330-8D5F-9D96A764378B}.Release|x86.ActiveCfg = Release|Any CPU
		{50CFDEC4-66C8-4330-8D5F-9D96A764378B}.Release|x86.Build.0 = Release|Any CPU
		{3522A6C5-6205-4C7D-B805-84847035A921}.Debug|Any CPU.ActiveCfg = Debug|Any CPU
		{3522A6C5-6205-4C7D-B805-84847035A921}.Debug|Any CPU.Build.0 = Debug|Any CPU
		{3522A6C5-6205-4C7D-B805-84847035A921}.Debug|x64.ActiveCfg = Debug|Any CPU
		{3522A6C5-6205-4C7D-B805-84847035A921}.Debug|x64.Build.0 = Debug|Any CPU
		{3522A6C5-6205-4C7D-B805-84847035A921}.Debug|x86.ActiveCfg = Debug|Any CPU
		{3522A6C5-6205-4C7D-B805-84847035A921}.Debug|x86.Build.0 = Debug|Any CPU
		{3522A6C5-6205-4C7D-B805-84847035A921}.Release|Any CPU.ActiveCfg = Release|Any CPU
		{3522A6C5-6205-4C7D-B805-84847035A921}.Release|Any CPU.Build.0 = Release|Any CPU
		{3522A6C5-6205-4C7D-B805-84847035A921}.Release|x64.ActiveCfg = Release|Any CPU
		{3522A6C5-6205-4C7D-B805-84847035A921}.Release|x64.Build.0 = Release|Any CPU
		{3522A6C5-6205-4C7D-B805-84847035A921}.Release|x86.ActiveCfg = Release|Any CPU
		{3522A6C5-6205-4C7D-B805-84847035A921}.Release|x86.Build.0 = Release|Any CPU
		{1EF92A45-C551-4B0F-9180-00E978DA499E}.Debug|Any CPU.ActiveCfg = Debug|Any CPU
		{1EF92A45-C551-4B0F-9180-00E978DA499E}.Debug|Any CPU.Build.0 = Debug|Any CPU
		{1EF92A45-C551-4B0F-9180-00E978DA499E}.Debug|x64.ActiveCfg = Debug|Any CPU
		{1EF92A45-C551-4B0F-9180-00E978DA499E}.Debug|x64.Build.0 = Debug|Any CPU
		{1EF92A45-C551-4B0F-9180-00E978DA499E}.Debug|x86.ActiveCfg = Debug|Any CPU
		{1EF92A45-C551-4B0F-9180-00E978DA499E}.Debug|x86.Build.0 = Debug|Any CPU
		{1EF92A45-C551-4B0F-9180-00E978DA499E}.Release|Any CPU.ActiveCfg = Release|Any CPU
		{1EF92A45-C551-4B0F-9180-00E978DA499E}.Release|Any CPU.Build.0 = Release|Any CPU
		{1EF92A45-C551-4B0F-9180-00E978DA499E}.Release|x64.ActiveCfg = Release|Any CPU
		{1EF92A45-C551-4B0F-9180-00E978DA499E}.Release|x64.Build.0 = Release|Any CPU
		{1EF92A45-C551-4B0F-9180-00E978DA499E}.Release|x86.ActiveCfg = Release|Any CPU
		{1EF92A45-C551-4B0F-9180-00E978DA499E}.Release|x86.Build.0 = Release|Any CPU
		{FC26C0FB-162E-4B4F-8561-9A688F4B42D2}.Debug|Any CPU.ActiveCfg = Debug|Any CPU
		{FC26C0FB-162E-4B4F-8561-9A688F4B42D2}.Debug|Any CPU.Build.0 = Debug|Any CPU
		{FC26C0FB-162E-4B4F-8561-9A688F4B42D2}.Debug|x64.ActiveCfg = Debug|Any CPU
		{FC26C0FB-162E-4B4F-8561-9A688F4B42D2}.Debug|x64.Build.0 = Debug|Any CPU
		{FC26C0FB-162E-4B4F-8561-9A688F4B42D2}.Debug|x86.ActiveCfg = Debug|Any CPU
		{FC26C0FB-162E-4B4F-8561-9A688F4B42D2}.Debug|x86.Build.0 = Debug|Any CPU
		{FC26C0FB-162E-4B4F-8561-9A688F4B42D2}.Release|Any CPU.ActiveCfg = Release|Any CPU
		{FC26C0FB-162E-4B4F-8561-9A688F4B42D2}.Release|Any CPU.Build.0 = Release|Any CPU
		{FC26C0FB-162E-4B4F-8561-9A688F4B42D2}.Release|x64.ActiveCfg = Release|Any CPU
		{FC26C0FB-162E-4B4F-8561-9A688F4B42D2}.Release|x64.Build.0 = Release|Any CPU
		{FC26C0FB-162E-4B4F-8561-9A688F4B42D2}.Release|x86.ActiveCfg = Release|Any CPU
		{FC26C0FB-162E-4B4F-8561-9A688F4B42D2}.Release|x86.Build.0 = Release|Any CPU
		{D295DE84-3797-46B4-812E-E56FB629A341}.Debug|Any CPU.ActiveCfg = Debug|Any CPU
		{D295DE84-3797-46B4-812E-E56FB629A341}.Debug|Any CPU.Build.0 = Debug|Any CPU
		{D295DE84-3797-46B4-812E-E56FB629A341}.Debug|x64.ActiveCfg = Debug|Any CPU
		{D295DE84-3797-46B4-812E-E56FB629A341}.Debug|x64.Build.0 = Debug|Any CPU
		{D295DE84-3797-46B4-812E-E56FB629A341}.Debug|x86.ActiveCfg = Debug|Any CPU
		{D295DE84-3797-46B4-812E-E56FB629A341}.Debug|x86.Build.0 = Debug|Any CPU
		{D295DE84-3797-46B4-812E-E56FB629A341}.Release|Any CPU.ActiveCfg = Release|Any CPU
		{D295DE84-3797-46B4-812E-E56FB629A341}.Release|Any CPU.Build.0 = Release|Any CPU
		{D295DE84-3797-46B4-812E-E56FB629A341}.Release|x64.ActiveCfg = Release|Any CPU
		{D295DE84-3797-46B4-812E-E56FB629A341}.Release|x64.Build.0 = Release|Any CPU
		{D295DE84-3797-46B4-812E-E56FB629A341}.Release|x86.ActiveCfg = Release|Any CPU
		{D295DE84-3797-46B4-812E-E56FB629A341}.Release|x86.Build.0 = Release|Any CPU
		{1ACC151C-A655-472F-9177-996410A41665}.Debug|Any CPU.ActiveCfg = Debug|Any CPU
		{1ACC151C-A655-472F-9177-996410A41665}.Debug|Any CPU.Build.0 = Debug|Any CPU
		{1ACC151C-A655-472F-9177-996410A41665}.Debug|x64.ActiveCfg = Debug|Any CPU
		{1ACC151C-A655-472F-9177-996410A41665}.Debug|x64.Build.0 = Debug|Any CPU
		{1ACC151C-A655-472F-9177-996410A41665}.Debug|x86.ActiveCfg = Debug|Any CPU
		{1ACC151C-A655-472F-9177-996410A41665}.Debug|x86.Build.0 = Debug|Any CPU
		{1ACC151C-A655-472F-9177-996410A41665}.Release|Any CPU.ActiveCfg = Release|Any CPU
		{1ACC151C-A655-472F-9177-996410A41665}.Release|Any CPU.Build.0 = Release|Any CPU
		{1ACC151C-A655-472F-9177-996410A41665}.Release|x64.ActiveCfg = Release|Any CPU
		{1ACC151C-A655-472F-9177-996410A41665}.Release|x64.Build.0 = Release|Any CPU
		{1ACC151C-A655-472F-9177-996410A41665}.Release|x86.ActiveCfg = Release|Any CPU
		{1ACC151C-A655-472F-9177-996410A41665}.Release|x86.Build.0 = Release|Any CPU
		{5EB8D367-90CC-473F-8F89-B898D8F8BD43}.Debug|Any CPU.ActiveCfg = Debug|Any CPU
		{5EB8D367-90CC-473F-8F89-B898D8F8BD43}.Debug|Any CPU.Build.0 = Debug|Any CPU
		{5EB8D367-90CC-473F-8F89-B898D8F8BD43}.Debug|x64.ActiveCfg = Debug|Any CPU
		{5EB8D367-90CC-473F-8F89-B898D8F8BD43}.Debug|x64.Build.0 = Debug|Any CPU
		{5EB8D367-90CC-473F-8F89-B898D8F8BD43}.Debug|x86.ActiveCfg = Debug|Any CPU
		{5EB8D367-90CC-473F-8F89-B898D8F8BD43}.Debug|x86.Build.0 = Debug|Any CPU
		{5EB8D367-90CC-473F-8F89-B898D8F8BD43}.Release|Any CPU.ActiveCfg = Release|Any CPU
		{5EB8D367-90CC-473F-8F89-B898D8F8BD43}.Release|Any CPU.Build.0 = Release|Any CPU
		{5EB8D367-90CC-473F-8F89-B898D8F8BD43}.Release|x64.ActiveCfg = Release|Any CPU
		{5EB8D367-90CC-473F-8F89-B898D8F8BD43}.Release|x64.Build.0 = Release|Any CPU
		{5EB8D367-90CC-473F-8F89-B898D8F8BD43}.Release|x86.ActiveCfg = Release|Any CPU
		{5EB8D367-90CC-473F-8F89-B898D8F8BD43}.Release|x86.Build.0 = Release|Any CPU
		{99B714F6-43FE-46F6-A9B3-B362B8B8F87D}.Debug|Any CPU.ActiveCfg = Debug|Any CPU
		{99B714F6-43FE-46F6-A9B3-B362B8B8F87D}.Debug|Any CPU.Build.0 = Debug|Any CPU
		{99B714F6-43FE-46F6-A9B3-B362B8B8F87D}.Debug|x64.ActiveCfg = Debug|Any CPU
		{99B714F6-43FE-46F6-A9B3-B362B8B8F87D}.Debug|x64.Build.0 = Debug|Any CPU
		{99B714F6-43FE-46F6-A9B3-B362B8B8F87D}.Debug|x86.ActiveCfg = Debug|Any CPU
		{99B714F6-43FE-46F6-A9B3-B362B8B8F87D}.Debug|x86.Build.0 = Debug|Any CPU
		{99B714F6-43FE-46F6-A9B3-B362B8B8F87D}.Release|Any CPU.ActiveCfg = Release|Any CPU
		{99B714F6-43FE-46F6-A9B3-B362B8B8F87D}.Release|Any CPU.Build.0 = Release|Any CPU
		{99B714F6-43FE-46F6-A9B3-B362B8B8F87D}.Release|x64.ActiveCfg = Release|Any CPU
		{99B714F6-43FE-46F6-A9B3-B362B8B8F87D}.Release|x64.Build.0 = Release|Any CPU
		{99B714F6-43FE-46F6-A9B3-B362B8B8F87D}.Release|x86.ActiveCfg = Release|Any CPU
		{99B714F6-43FE-46F6-A9B3-B362B8B8F87D}.Release|x86.Build.0 = Release|Any CPU
		{988EAF3A-7320-4630-AFDC-233AC33AAA65}.Debug|Any CPU.ActiveCfg = Debug|Any CPU
		{988EAF3A-7320-4630-AFDC-233AC33AAA65}.Debug|Any CPU.Build.0 = Debug|Any CPU
		{988EAF3A-7320-4630-AFDC-233AC33AAA65}.Debug|x64.ActiveCfg = Debug|Any CPU
		{988EAF3A-7320-4630-AFDC-233AC33AAA65}.Debug|x64.Build.0 = Debug|Any CPU
		{988EAF3A-7320-4630-AFDC-233AC33AAA65}.Debug|x86.ActiveCfg = Debug|Any CPU
		{988EAF3A-7320-4630-AFDC-233AC33AAA65}.Debug|x86.Build.0 = Debug|Any CPU
		{988EAF3A-7320-4630-AFDC-233AC33AAA65}.Release|Any CPU.ActiveCfg = Release|Any CPU
		{988EAF3A-7320-4630-AFDC-233AC33AAA65}.Release|Any CPU.Build.0 = Release|Any CPU
		{988EAF3A-7320-4630-AFDC-233AC33AAA65}.Release|x64.ActiveCfg = Release|Any CPU
		{988EAF3A-7320-4630-AFDC-233AC33AAA65}.Release|x64.Build.0 = Release|Any CPU
		{988EAF3A-7320-4630-AFDC-233AC33AAA65}.Release|x86.ActiveCfg = Release|Any CPU
		{988EAF3A-7320-4630-AFDC-233AC33AAA65}.Release|x86.Build.0 = Release|Any CPU
		{E23F2826-1857-4C3F-A90B-D4443DD84EFA}.Debug|Any CPU.ActiveCfg = Debug|Any CPU
		{E23F2826-1857-4C3F-A90B-D4443DD84EFA}.Debug|Any CPU.Build.0 = Debug|Any CPU
		{E23F2826-1857-4C3F-A90B-D4443DD84EFA}.Debug|x64.ActiveCfg = Debug|Any CPU
		{E23F2826-1857-4C3F-A90B-D4443DD84EFA}.Debug|x64.Build.0 = Debug|Any CPU
		{E23F2826-1857-4C3F-A90B-D4443DD84EFA}.Debug|x86.ActiveCfg = Debug|Any CPU
		{E23F2826-1857-4C3F-A90B-D4443DD84EFA}.Debug|x86.Build.0 = Debug|Any CPU
		{E23F2826-1857-4C3F-A90B-D4443DD84EFA}.Release|Any CPU.ActiveCfg = Release|Any CPU
		{E23F2826-1857-4C3F-A90B-D4443DD84EFA}.Release|Any CPU.Build.0 = Release|Any CPU
		{E23F2826-1857-4C3F-A90B-D4443DD84EFA}.Release|x64.ActiveCfg = Release|Any CPU
		{E23F2826-1857-4C3F-A90B-D4443DD84EFA}.Release|x64.Build.0 = Release|Any CPU
		{E23F2826-1857-4C3F-A90B-D4443DD84EFA}.Release|x86.ActiveCfg = Release|Any CPU
		{E23F2826-1857-4C3F-A90B-D4443DD84EFA}.Release|x86.Build.0 = Release|Any CPU
		{BE9AC443-C15D-4962-A8D2-0CCD328E6B68}.Debug|Any CPU.ActiveCfg = Debug|Any CPU
		{BE9AC443-C15D-4962-A8D2-0CCD328E6B68}.Debug|Any CPU.Build.0 = Debug|Any CPU
		{BE9AC443-C15D-4962-A8D2-0CCD328E6B68}.Debug|x64.ActiveCfg = Debug|Any CPU
		{BE9AC443-C15D-4962-A8D2-0CCD328E6B68}.Debug|x64.Build.0 = Debug|Any CPU
		{BE9AC443-C15D-4962-A8D2-0CCD328E6B68}.Debug|x86.ActiveCfg = Debug|Any CPU
		{BE9AC443-C15D-4962-A8D2-0CCD328E6B68}.Debug|x86.Build.0 = Debug|Any CPU
		{BE9AC443-C15D-4962-A8D2-0CCD328E6B68}.Release|Any CPU.ActiveCfg = Release|Any CPU
		{BE9AC443-C15D-4962-A8D2-0CCD328E6B68}.Release|Any CPU.Build.0 = Release|Any CPU
		{BE9AC443-C15D-4962-A8D2-0CCD328E6B68}.Release|x64.ActiveCfg = Release|Any CPU
		{BE9AC443-C15D-4962-A8D2-0CCD328E6B68}.Release|x64.Build.0 = Release|Any CPU
		{BE9AC443-C15D-4962-A8D2-0CCD328E6B68}.Release|x86.ActiveCfg = Release|Any CPU
		{BE9AC443-C15D-4962-A8D2-0CCD328E6B68}.Release|x86.Build.0 = Release|Any CPU
		{392C12C2-ECBA-4728-9D8D-54BD2E10F7ED}.Debug|Any CPU.ActiveCfg = Debug|Any CPU
		{392C12C2-ECBA-4728-9D8D-54BD2E10F7ED}.Debug|Any CPU.Build.0 = Debug|Any CPU
		{392C12C2-ECBA-4728-9D8D-54BD2E10F7ED}.Debug|x64.ActiveCfg = Debug|Any CPU
		{392C12C2-ECBA-4728-9D8D-54BD2E10F7ED}.Debug|x64.Build.0 = Debug|Any CPU
		{392C12C2-ECBA-4728-9D8D-54BD2E10F7ED}.Debug|x86.ActiveCfg = Debug|Any CPU
		{392C12C2-ECBA-4728-9D8D-54BD2E10F7ED}.Debug|x86.Build.0 = Debug|Any CPU
		{392C12C2-ECBA-4728-9D8D-54BD2E10F7ED}.Release|Any CPU.ActiveCfg = Release|Any CPU
		{392C12C2-ECBA-4728-9D8D-54BD2E10F7ED}.Release|Any CPU.Build.0 = Release|Any CPU
		{392C12C2-ECBA-4728-9D8D-54BD2E10F7ED}.Release|x64.ActiveCfg = Release|Any CPU
		{392C12C2-ECBA-4728-9D8D-54BD2E10F7ED}.Release|x64.Build.0 = Release|Any CPU
		{392C12C2-ECBA-4728-9D8D-54BD2E10F7ED}.Release|x86.ActiveCfg = Release|Any CPU
		{392C12C2-ECBA-4728-9D8D-54BD2E10F7ED}.Release|x86.Build.0 = Release|Any CPU
		{57572A45-33CD-4928-9C30-13480AEDB313}.Debug|Any CPU.ActiveCfg = Debug|Any CPU
		{57572A45-33CD-4928-9C30-13480AEDB313}.Debug|Any CPU.Build.0 = Debug|Any CPU
		{57572A45-33CD-4928-9C30-13480AEDB313}.Debug|x64.ActiveCfg = Debug|Any CPU
		{57572A45-33CD-4928-9C30-13480AEDB313}.Debug|x64.Build.0 = Debug|Any CPU
		{57572A45-33CD-4928-9C30-13480AEDB313}.Debug|x86.ActiveCfg = Debug|Any CPU
		{57572A45-33CD-4928-9C30-13480AEDB313}.Debug|x86.Build.0 = Debug|Any CPU
		{57572A45-33CD-4928-9C30-13480AEDB313}.Release|Any CPU.ActiveCfg = Release|Any CPU
		{57572A45-33CD-4928-9C30-13480AEDB313}.Release|Any CPU.Build.0 = Release|Any CPU
		{57572A45-33CD-4928-9C30-13480AEDB313}.Release|x64.ActiveCfg = Release|Any CPU
		{57572A45-33CD-4928-9C30-13480AEDB313}.Release|x64.Build.0 = Release|Any CPU
		{57572A45-33CD-4928-9C30-13480AEDB313}.Release|x86.ActiveCfg = Release|Any CPU
		{57572A45-33CD-4928-9C30-13480AEDB313}.Release|x86.Build.0 = Release|Any CPU
		{A8A70E6D-1D43-437F-9971-44A4FA1BDD74}.Debug|Any CPU.ActiveCfg = Debug|Any CPU
		{A8A70E6D-1D43-437F-9971-44A4FA1BDD74}.Debug|Any CPU.Build.0 = Debug|Any CPU
		{A8A70E6D-1D43-437F-9971-44A4FA1BDD74}.Debug|x64.ActiveCfg = Debug|Any CPU
		{A8A70E6D-1D43-437F-9971-44A4FA1BDD74}.Debug|x64.Build.0 = Debug|Any CPU
		{A8A70E6D-1D43-437F-9971-44A4FA1BDD74}.Debug|x86.ActiveCfg = Debug|Any CPU
		{A8A70E6D-1D43-437F-9971-44A4FA1BDD74}.Debug|x86.Build.0 = Debug|Any CPU
		{A8A70E6D-1D43-437F-9971-44A4FA1BDD74}.Release|Any CPU.ActiveCfg = Release|Any CPU
		{A8A70E6D-1D43-437F-9971-44A4FA1BDD74}.Release|Any CPU.Build.0 = Release|Any CPU
		{A8A70E6D-1D43-437F-9971-44A4FA1BDD74}.Release|x64.ActiveCfg = Release|Any CPU
		{A8A70E6D-1D43-437F-9971-44A4FA1BDD74}.Release|x64.Build.0 = Release|Any CPU
		{A8A70E6D-1D43-437F-9971-44A4FA1BDD74}.Release|x86.ActiveCfg = Release|Any CPU
		{A8A70E6D-1D43-437F-9971-44A4FA1BDD74}.Release|x86.Build.0 = Release|Any CPU
		{6AB2EA96-4A75-49DB-AC65-B247BBFAE9A3}.Debug|Any CPU.ActiveCfg = Debug|Any CPU
		{6AB2EA96-4A75-49DB-AC65-B247BBFAE9A3}.Debug|Any CPU.Build.0 = Debug|Any CPU
		{6AB2EA96-4A75-49DB-AC65-B247BBFAE9A3}.Debug|x64.ActiveCfg = Debug|Any CPU
		{6AB2EA96-4A75-49DB-AC65-B247BBFAE9A3}.Debug|x64.Build.0 = Debug|Any CPU
		{6AB2EA96-4A75-49DB-AC65-B247BBFAE9A3}.Debug|x86.ActiveCfg = Debug|Any CPU
		{6AB2EA96-4A75-49DB-AC65-B247BBFAE9A3}.Debug|x86.Build.0 = Debug|Any CPU
		{6AB2EA96-4A75-49DB-AC65-B247BBFAE9A3}.Release|Any CPU.ActiveCfg = Release|Any CPU
		{6AB2EA96-4A75-49DB-AC65-B247BBFAE9A3}.Release|Any CPU.Build.0 = Release|Any CPU
		{6AB2EA96-4A75-49DB-AC65-B247BBFAE9A3}.Release|x64.ActiveCfg = Release|Any CPU
		{6AB2EA96-4A75-49DB-AC65-B247BBFAE9A3}.Release|x64.Build.0 = Release|Any CPU
		{6AB2EA96-4A75-49DB-AC65-B247BBFAE9A3}.Release|x86.ActiveCfg = Release|Any CPU
		{6AB2EA96-4A75-49DB-AC65-B247BBFAE9A3}.Release|x86.Build.0 = Release|Any CPU
		{B0104C42-1B46-4CA5-9E91-A5F09D7E5B92}.Debug|Any CPU.ActiveCfg = Debug|Any CPU
		{B0104C42-1B46-4CA5-9E91-A5F09D7E5B92}.Debug|Any CPU.Build.0 = Debug|Any CPU
		{B0104C42-1B46-4CA5-9E91-A5F09D7E5B92}.Debug|x64.ActiveCfg = Debug|Any CPU
		{B0104C42-1B46-4CA5-9E91-A5F09D7E5B92}.Debug|x64.Build.0 = Debug|Any CPU
		{B0104C42-1B46-4CA5-9E91-A5F09D7E5B92}.Debug|x86.ActiveCfg = Debug|Any CPU
		{B0104C42-1B46-4CA5-9E91-A5F09D7E5B92}.Debug|x86.Build.0 = Debug|Any CPU
		{B0104C42-1B46-4CA5-9E91-A5F09D7E5B92}.Release|Any CPU.ActiveCfg = Release|Any CPU
		{B0104C42-1B46-4CA5-9E91-A5F09D7E5B92}.Release|Any CPU.Build.0 = Release|Any CPU
		{B0104C42-1B46-4CA5-9E91-A5F09D7E5B92}.Release|x64.ActiveCfg = Release|Any CPU
		{B0104C42-1B46-4CA5-9E91-A5F09D7E5B92}.Release|x64.Build.0 = Release|Any CPU
		{B0104C42-1B46-4CA5-9E91-A5F09D7E5B92}.Release|x86.ActiveCfg = Release|Any CPU
		{B0104C42-1B46-4CA5-9E91-A5F09D7E5B92}.Release|x86.Build.0 = Release|Any CPU
		{0D6A831B-4759-46F2-8527-51C8A9CB6F6F}.Debug|Any CPU.ActiveCfg = Debug|Any CPU
		{0D6A831B-4759-46F2-8527-51C8A9CB6F6F}.Debug|Any CPU.Build.0 = Debug|Any CPU
		{0D6A831B-4759-46F2-8527-51C8A9CB6F6F}.Debug|x64.ActiveCfg = Debug|Any CPU
		{0D6A831B-4759-46F2-8527-51C8A9CB6F6F}.Debug|x64.Build.0 = Debug|Any CPU
		{0D6A831B-4759-46F2-8527-51C8A9CB6F6F}.Debug|x86.ActiveCfg = Debug|Any CPU
		{0D6A831B-4759-46F2-8527-51C8A9CB6F6F}.Debug|x86.Build.0 = Debug|Any CPU
		{0D6A831B-4759-46F2-8527-51C8A9CB6F6F}.Release|Any CPU.ActiveCfg = Release|Any CPU
		{0D6A831B-4759-46F2-8527-51C8A9CB6F6F}.Release|Any CPU.Build.0 = Release|Any CPU
		{0D6A831B-4759-46F2-8527-51C8A9CB6F6F}.Release|x64.ActiveCfg = Release|Any CPU
		{0D6A831B-4759-46F2-8527-51C8A9CB6F6F}.Release|x64.Build.0 = Release|Any CPU
		{0D6A831B-4759-46F2-8527-51C8A9CB6F6F}.Release|x86.ActiveCfg = Release|Any CPU
		{0D6A831B-4759-46F2-8527-51C8A9CB6F6F}.Release|x86.Build.0 = Release|Any CPU
		{238A9928-E501-46AD-963B-BB529A983D3E}.Debug|Any CPU.ActiveCfg = Debug|Any CPU
		{238A9928-E501-46AD-963B-BB529A983D3E}.Debug|Any CPU.Build.0 = Debug|Any CPU
		{238A9928-E501-46AD-963B-BB529A983D3E}.Debug|x64.ActiveCfg = Debug|Any CPU
		{238A9928-E501-46AD-963B-BB529A983D3E}.Debug|x64.Build.0 = Debug|Any CPU
		{238A9928-E501-46AD-963B-BB529A983D3E}.Debug|x86.ActiveCfg = Debug|Any CPU
		{238A9928-E501-46AD-963B-BB529A983D3E}.Debug|x86.Build.0 = Debug|Any CPU
		{238A9928-E501-46AD-963B-BB529A983D3E}.Release|Any CPU.ActiveCfg = Release|Any CPU
		{238A9928-E501-46AD-963B-BB529A983D3E}.Release|Any CPU.Build.0 = Release|Any CPU
		{238A9928-E501-46AD-963B-BB529A983D3E}.Release|x64.ActiveCfg = Release|Any CPU
		{238A9928-E501-46AD-963B-BB529A983D3E}.Release|x64.Build.0 = Release|Any CPU
		{238A9928-E501-46AD-963B-BB529A983D3E}.Release|x86.ActiveCfg = Release|Any CPU
		{238A9928-E501-46AD-963B-BB529A983D3E}.Release|x86.Build.0 = Release|Any CPU
		{3A67AEB1-3F78-4BBE-9F14-CA3350CA9F81}.Debug|Any CPU.ActiveCfg = Debug|Any CPU
		{3A67AEB1-3F78-4BBE-9F14-CA3350CA9F81}.Debug|Any CPU.Build.0 = Debug|Any CPU
		{3A67AEB1-3F78-4BBE-9F14-CA3350CA9F81}.Debug|x64.ActiveCfg = Debug|Any CPU
		{3A67AEB1-3F78-4BBE-9F14-CA3350CA9F81}.Debug|x64.Build.0 = Debug|Any CPU
		{3A67AEB1-3F78-4BBE-9F14-CA3350CA9F81}.Debug|x86.ActiveCfg = Debug|Any CPU
		{3A67AEB1-3F78-4BBE-9F14-CA3350CA9F81}.Debug|x86.Build.0 = Debug|Any CPU
		{3A67AEB1-3F78-4BBE-9F14-CA3350CA9F81}.Release|Any CPU.ActiveCfg = Release|Any CPU
		{3A67AEB1-3F78-4BBE-9F14-CA3350CA9F81}.Release|Any CPU.Build.0 = Release|Any CPU
		{3A67AEB1-3F78-4BBE-9F14-CA3350CA9F81}.Release|x64.ActiveCfg = Release|Any CPU
		{3A67AEB1-3F78-4BBE-9F14-CA3350CA9F81}.Release|x64.Build.0 = Release|Any CPU
		{3A67AEB1-3F78-4BBE-9F14-CA3350CA9F81}.Release|x86.ActiveCfg = Release|Any CPU
		{3A67AEB1-3F78-4BBE-9F14-CA3350CA9F81}.Release|x86.Build.0 = Release|Any CPU
		{1B908378-2196-4396-AFB4-C2FA3E4D71F7}.Debug|Any CPU.ActiveCfg = Debug|Any CPU
		{1B908378-2196-4396-AFB4-C2FA3E4D71F7}.Debug|Any CPU.Build.0 = Debug|Any CPU
		{1B908378-2196-4396-AFB4-C2FA3E4D71F7}.Debug|x64.ActiveCfg = Debug|Any CPU
		{1B908378-2196-4396-AFB4-C2FA3E4D71F7}.Debug|x64.Build.0 = Debug|Any CPU
		{1B908378-2196-4396-AFB4-C2FA3E4D71F7}.Debug|x86.ActiveCfg = Debug|Any CPU
		{1B908378-2196-4396-AFB4-C2FA3E4D71F7}.Debug|x86.Build.0 = Debug|Any CPU
		{1B908378-2196-4396-AFB4-C2FA3E4D71F7}.Release|Any CPU.ActiveCfg = Release|Any CPU
		{1B908378-2196-4396-AFB4-C2FA3E4D71F7}.Release|Any CPU.Build.0 = Release|Any CPU
		{1B908378-2196-4396-AFB4-C2FA3E4D71F7}.Release|x64.ActiveCfg = Release|Any CPU
		{1B908378-2196-4396-AFB4-C2FA3E4D71F7}.Release|x64.Build.0 = Release|Any CPU
		{1B908378-2196-4396-AFB4-C2FA3E4D71F7}.Release|x86.ActiveCfg = Release|Any CPU
		{1B908378-2196-4396-AFB4-C2FA3E4D71F7}.Release|x86.Build.0 = Release|Any CPU
		{99C7B597-0B71-429C-89F8-A2AF6727D5B2}.Debug|Any CPU.ActiveCfg = Debug|Any CPU
		{99C7B597-0B71-429C-89F8-A2AF6727D5B2}.Debug|Any CPU.Build.0 = Debug|Any CPU
		{99C7B597-0B71-429C-89F8-A2AF6727D5B2}.Debug|x64.ActiveCfg = Debug|Any CPU
		{99C7B597-0B71-429C-89F8-A2AF6727D5B2}.Debug|x64.Build.0 = Debug|Any CPU
		{99C7B597-0B71-429C-89F8-A2AF6727D5B2}.Debug|x86.ActiveCfg = Debug|Any CPU
		{99C7B597-0B71-429C-89F8-A2AF6727D5B2}.Debug|x86.Build.0 = Debug|Any CPU
		{99C7B597-0B71-429C-89F8-A2AF6727D5B2}.Release|Any CPU.ActiveCfg = Release|Any CPU
		{99C7B597-0B71-429C-89F8-A2AF6727D5B2}.Release|Any CPU.Build.0 = Release|Any CPU
		{99C7B597-0B71-429C-89F8-A2AF6727D5B2}.Release|x64.ActiveCfg = Release|Any CPU
		{99C7B597-0B71-429C-89F8-A2AF6727D5B2}.Release|x64.Build.0 = Release|Any CPU
		{99C7B597-0B71-429C-89F8-A2AF6727D5B2}.Release|x86.ActiveCfg = Release|Any CPU
		{99C7B597-0B71-429C-89F8-A2AF6727D5B2}.Release|x86.Build.0 = Release|Any CPU
		{6BB769C2-4164-4781-A68F-516172A048F1}.Debug|Any CPU.ActiveCfg = Debug|Any CPU
		{6BB769C2-4164-4781-A68F-516172A048F1}.Debug|Any CPU.Build.0 = Debug|Any CPU
		{6BB769C2-4164-4781-A68F-516172A048F1}.Debug|x64.ActiveCfg = Debug|Any CPU
		{6BB769C2-4164-4781-A68F-516172A048F1}.Debug|x64.Build.0 = Debug|Any CPU
		{6BB769C2-4164-4781-A68F-516172A048F1}.Debug|x86.ActiveCfg = Debug|Any CPU
		{6BB769C2-4164-4781-A68F-516172A048F1}.Debug|x86.Build.0 = Debug|Any CPU
		{6BB769C2-4164-4781-A68F-516172A048F1}.Release|Any CPU.ActiveCfg = Release|Any CPU
		{6BB769C2-4164-4781-A68F-516172A048F1}.Release|Any CPU.Build.0 = Release|Any CPU
		{6BB769C2-4164-4781-A68F-516172A048F1}.Release|x64.ActiveCfg = Release|Any CPU
		{6BB769C2-4164-4781-A68F-516172A048F1}.Release|x64.Build.0 = Release|Any CPU
		{6BB769C2-4164-4781-A68F-516172A048F1}.Release|x86.ActiveCfg = Release|Any CPU
		{6BB769C2-4164-4781-A68F-516172A048F1}.Release|x86.Build.0 = Release|Any CPU
		{79CF7074-2442-402D-8E17-E7B222B00200}.Debug|Any CPU.ActiveCfg = Debug|Any CPU
		{79CF7074-2442-402D-8E17-E7B222B00200}.Debug|Any CPU.Build.0 = Debug|Any CPU
		{79CF7074-2442-402D-8E17-E7B222B00200}.Debug|x64.ActiveCfg = Debug|Any CPU
		{79CF7074-2442-402D-8E17-E7B222B00200}.Debug|x64.Build.0 = Debug|Any CPU
		{79CF7074-2442-402D-8E17-E7B222B00200}.Debug|x86.ActiveCfg = Debug|Any CPU
		{79CF7074-2442-402D-8E17-E7B222B00200}.Debug|x86.Build.0 = Debug|Any CPU
		{79CF7074-2442-402D-8E17-E7B222B00200}.Release|Any CPU.ActiveCfg = Release|Any CPU
		{79CF7074-2442-402D-8E17-E7B222B00200}.Release|Any CPU.Build.0 = Release|Any CPU
		{79CF7074-2442-402D-8E17-E7B222B00200}.Release|x64.ActiveCfg = Release|Any CPU
		{79CF7074-2442-402D-8E17-E7B222B00200}.Release|x64.Build.0 = Release|Any CPU
		{79CF7074-2442-402D-8E17-E7B222B00200}.Release|x86.ActiveCfg = Release|Any CPU
		{79CF7074-2442-402D-8E17-E7B222B00200}.Release|x86.Build.0 = Release|Any CPU
		{A8E3E98F-3705-4AC7-BF59-ACD2D90C7504}.Debug|Any CPU.ActiveCfg = Debug|Any CPU
		{A8E3E98F-3705-4AC7-BF59-ACD2D90C7504}.Debug|Any CPU.Build.0 = Debug|Any CPU
		{A8E3E98F-3705-4AC7-BF59-ACD2D90C7504}.Debug|x64.ActiveCfg = Debug|Any CPU
		{A8E3E98F-3705-4AC7-BF59-ACD2D90C7504}.Debug|x64.Build.0 = Debug|Any CPU
		{A8E3E98F-3705-4AC7-BF59-ACD2D90C7504}.Debug|x86.ActiveCfg = Debug|Any CPU
		{A8E3E98F-3705-4AC7-BF59-ACD2D90C7504}.Debug|x86.Build.0 = Debug|Any CPU
		{A8E3E98F-3705-4AC7-BF59-ACD2D90C7504}.Release|Any CPU.ActiveCfg = Release|Any CPU
		{A8E3E98F-3705-4AC7-BF59-ACD2D90C7504}.Release|Any CPU.Build.0 = Release|Any CPU
		{A8E3E98F-3705-4AC7-BF59-ACD2D90C7504}.Release|x64.ActiveCfg = Release|Any CPU
		{A8E3E98F-3705-4AC7-BF59-ACD2D90C7504}.Release|x64.Build.0 = Release|Any CPU
		{A8E3E98F-3705-4AC7-BF59-ACD2D90C7504}.Release|x86.ActiveCfg = Release|Any CPU
		{A8E3E98F-3705-4AC7-BF59-ACD2D90C7504}.Release|x86.Build.0 = Release|Any CPU
		{844487F2-1F62-4EAA-AE15-0E2A73C5EC96}.Debug|Any CPU.ActiveCfg = Debug|Any CPU
		{844487F2-1F62-4EAA-AE15-0E2A73C5EC96}.Debug|Any CPU.Build.0 = Debug|Any CPU
		{844487F2-1F62-4EAA-AE15-0E2A73C5EC96}.Debug|x64.ActiveCfg = Debug|Any CPU
		{844487F2-1F62-4EAA-AE15-0E2A73C5EC96}.Debug|x64.Build.0 = Debug|Any CPU
		{844487F2-1F62-4EAA-AE15-0E2A73C5EC96}.Debug|x86.ActiveCfg = Debug|Any CPU
		{844487F2-1F62-4EAA-AE15-0E2A73C5EC96}.Debug|x86.Build.0 = Debug|Any CPU
		{844487F2-1F62-4EAA-AE15-0E2A73C5EC96}.Release|Any CPU.ActiveCfg = Release|Any CPU
		{844487F2-1F62-4EAA-AE15-0E2A73C5EC96}.Release|Any CPU.Build.0 = Release|Any CPU
		{844487F2-1F62-4EAA-AE15-0E2A73C5EC96}.Release|x64.ActiveCfg = Release|Any CPU
		{844487F2-1F62-4EAA-AE15-0E2A73C5EC96}.Release|x64.Build.0 = Release|Any CPU
		{844487F2-1F62-4EAA-AE15-0E2A73C5EC96}.Release|x86.ActiveCfg = Release|Any CPU
		{844487F2-1F62-4EAA-AE15-0E2A73C5EC96}.Release|x86.Build.0 = Release|Any CPU
		{8E38A258-EA12-40DD-9268-9A6047DB2368}.Debug|Any CPU.ActiveCfg = Debug|Any CPU
		{8E38A258-EA12-40DD-9268-9A6047DB2368}.Debug|Any CPU.Build.0 = Debug|Any CPU
		{8E38A258-EA12-40DD-9268-9A6047DB2368}.Debug|x64.ActiveCfg = Debug|Any CPU
		{8E38A258-EA12-40DD-9268-9A6047DB2368}.Debug|x64.Build.0 = Debug|Any CPU
		{8E38A258-EA12-40DD-9268-9A6047DB2368}.Debug|x86.ActiveCfg = Debug|Any CPU
		{8E38A258-EA12-40DD-9268-9A6047DB2368}.Debug|x86.Build.0 = Debug|Any CPU
		{8E38A258-EA12-40DD-9268-9A6047DB2368}.Release|Any CPU.ActiveCfg = Release|Any CPU
		{8E38A258-EA12-40DD-9268-9A6047DB2368}.Release|Any CPU.Build.0 = Release|Any CPU
		{8E38A258-EA12-40DD-9268-9A6047DB2368}.Release|x64.ActiveCfg = Release|Any CPU
		{8E38A258-EA12-40DD-9268-9A6047DB2368}.Release|x64.Build.0 = Release|Any CPU
		{8E38A258-EA12-40DD-9268-9A6047DB2368}.Release|x86.ActiveCfg = Release|Any CPU
		{8E38A258-EA12-40DD-9268-9A6047DB2368}.Release|x86.Build.0 = Release|Any CPU
		{0309F6C0-C462-49D6-83D5-7C4B93066AD3}.Debug|Any CPU.ActiveCfg = Debug|Any CPU
		{0309F6C0-C462-49D6-83D5-7C4B93066AD3}.Debug|Any CPU.Build.0 = Debug|Any CPU
		{0309F6C0-C462-49D6-83D5-7C4B93066AD3}.Debug|x64.ActiveCfg = Debug|Any CPU
		{0309F6C0-C462-49D6-83D5-7C4B93066AD3}.Debug|x64.Build.0 = Debug|Any CPU
		{0309F6C0-C462-49D6-83D5-7C4B93066AD3}.Debug|x86.ActiveCfg = Debug|Any CPU
		{0309F6C0-C462-49D6-83D5-7C4B93066AD3}.Debug|x86.Build.0 = Debug|Any CPU
		{0309F6C0-C462-49D6-83D5-7C4B93066AD3}.Release|Any CPU.ActiveCfg = Release|Any CPU
		{0309F6C0-C462-49D6-83D5-7C4B93066AD3}.Release|Any CPU.Build.0 = Release|Any CPU
		{0309F6C0-C462-49D6-83D5-7C4B93066AD3}.Release|x64.ActiveCfg = Release|Any CPU
		{0309F6C0-C462-49D6-83D5-7C4B93066AD3}.Release|x64.Build.0 = Release|Any CPU
		{0309F6C0-C462-49D6-83D5-7C4B93066AD3}.Release|x86.ActiveCfg = Release|Any CPU
		{0309F6C0-C462-49D6-83D5-7C4B93066AD3}.Release|x86.Build.0 = Release|Any CPU
		{94C443C0-AB5B-4FEC-9DB1-C1F29AB86653}.Debug|Any CPU.ActiveCfg = Debug|Any CPU
		{94C443C0-AB5B-4FEC-9DB1-C1F29AB86653}.Debug|Any CPU.Build.0 = Debug|Any CPU
		{94C443C0-AB5B-4FEC-9DB1-C1F29AB86653}.Debug|x64.ActiveCfg = Debug|Any CPU
		{94C443C0-AB5B-4FEC-9DB1-C1F29AB86653}.Debug|x64.Build.0 = Debug|Any CPU
		{94C443C0-AB5B-4FEC-9DB1-C1F29AB86653}.Debug|x86.ActiveCfg = Debug|Any CPU
		{94C443C0-AB5B-4FEC-9DB1-C1F29AB86653}.Debug|x86.Build.0 = Debug|Any CPU
		{94C443C0-AB5B-4FEC-9DB1-C1F29AB86653}.Release|Any CPU.ActiveCfg = Release|Any CPU
		{94C443C0-AB5B-4FEC-9DB1-C1F29AB86653}.Release|Any CPU.Build.0 = Release|Any CPU
		{94C443C0-AB5B-4FEC-9DB1-C1F29AB86653}.Release|x64.ActiveCfg = Release|Any CPU
		{94C443C0-AB5B-4FEC-9DB1-C1F29AB86653}.Release|x64.Build.0 = Release|Any CPU
		{94C443C0-AB5B-4FEC-9DB1-C1F29AB86653}.Release|x86.ActiveCfg = Release|Any CPU
		{94C443C0-AB5B-4FEC-9DB1-C1F29AB86653}.Release|x86.Build.0 = Release|Any CPU
		{31970639-E4E9-4AEF-83A1-B4DF00A4720C}.Debug|Any CPU.ActiveCfg = Debug|Any CPU
		{31970639-E4E9-4AEF-83A1-B4DF00A4720C}.Debug|Any CPU.Build.0 = Debug|Any CPU
		{31970639-E4E9-4AEF-83A1-B4DF00A4720C}.Debug|x64.ActiveCfg = Debug|Any CPU
		{31970639-E4E9-4AEF-83A1-B4DF00A4720C}.Debug|x64.Build.0 = Debug|Any CPU
		{31970639-E4E9-4AEF-83A1-B4DF00A4720C}.Debug|x86.ActiveCfg = Debug|Any CPU
		{31970639-E4E9-4AEF-83A1-B4DF00A4720C}.Debug|x86.Build.0 = Debug|Any CPU
		{31970639-E4E9-4AEF-83A1-B4DF00A4720C}.Release|Any CPU.ActiveCfg = Release|Any CPU
		{31970639-E4E9-4AEF-83A1-B4DF00A4720C}.Release|Any CPU.Build.0 = Release|Any CPU
		{31970639-E4E9-4AEF-83A1-B4DF00A4720C}.Release|x64.ActiveCfg = Release|Any CPU
		{31970639-E4E9-4AEF-83A1-B4DF00A4720C}.Release|x64.Build.0 = Release|Any CPU
		{31970639-E4E9-4AEF-83A1-B4DF00A4720C}.Release|x86.ActiveCfg = Release|Any CPU
		{31970639-E4E9-4AEF-83A1-B4DF00A4720C}.Release|x86.Build.0 = Release|Any CPU
		{57FF1C59-233D-49F2-B9A5-3E996EB484DE}.Debug|Any CPU.ActiveCfg = Debug|Any CPU
		{57FF1C59-233D-49F2-B9A5-3E996EB484DE}.Debug|Any CPU.Build.0 = Debug|Any CPU
		{57FF1C59-233D-49F2-B9A5-3E996EB484DE}.Debug|x64.ActiveCfg = Debug|Any CPU
		{57FF1C59-233D-49F2-B9A5-3E996EB484DE}.Debug|x64.Build.0 = Debug|Any CPU
		{57FF1C59-233D-49F2-B9A5-3E996EB484DE}.Debug|x86.ActiveCfg = Debug|Any CPU
		{57FF1C59-233D-49F2-B9A5-3E996EB484DE}.Debug|x86.Build.0 = Debug|Any CPU
		{57FF1C59-233D-49F2-B9A5-3E996EB484DE}.Release|Any CPU.ActiveCfg = Release|Any CPU
		{57FF1C59-233D-49F2-B9A5-3E996EB484DE}.Release|Any CPU.Build.0 = Release|Any CPU
		{57FF1C59-233D-49F2-B9A5-3E996EB484DE}.Release|x64.ActiveCfg = Release|Any CPU
		{57FF1C59-233D-49F2-B9A5-3E996EB484DE}.Release|x64.Build.0 = Release|Any CPU
		{57FF1C59-233D-49F2-B9A5-3E996EB484DE}.Release|x86.ActiveCfg = Release|Any CPU
		{57FF1C59-233D-49F2-B9A5-3E996EB484DE}.Release|x86.Build.0 = Release|Any CPU
		{3A1E29E7-2A50-4F26-96D7-D38D3328E595}.Debug|Any CPU.ActiveCfg = Debug|Any CPU
		{3A1E29E7-2A50-4F26-96D7-D38D3328E595}.Debug|Any CPU.Build.0 = Debug|Any CPU
		{3A1E29E7-2A50-4F26-96D7-D38D3328E595}.Debug|x64.ActiveCfg = Debug|Any CPU
		{3A1E29E7-2A50-4F26-96D7-D38D3328E595}.Debug|x64.Build.0 = Debug|Any CPU
		{3A1E29E7-2A50-4F26-96D7-D38D3328E595}.Debug|x86.ActiveCfg = Debug|Any CPU
		{3A1E29E7-2A50-4F26-96D7-D38D3328E595}.Debug|x86.Build.0 = Debug|Any CPU
		{3A1E29E7-2A50-4F26-96D7-D38D3328E595}.Release|Any CPU.ActiveCfg = Release|Any CPU
		{3A1E29E7-2A50-4F26-96D7-D38D3328E595}.Release|Any CPU.Build.0 = Release|Any CPU
		{3A1E29E7-2A50-4F26-96D7-D38D3328E595}.Release|x64.ActiveCfg = Release|Any CPU
		{3A1E29E7-2A50-4F26-96D7-D38D3328E595}.Release|x64.Build.0 = Release|Any CPU
		{3A1E29E7-2A50-4F26-96D7-D38D3328E595}.Release|x86.ActiveCfg = Release|Any CPU
		{3A1E29E7-2A50-4F26-96D7-D38D3328E595}.Release|x86.Build.0 = Release|Any CPU
	EndGlobalSection
	GlobalSection(SolutionProperties) = preSolution
		HideSolutionNode = FALSE
	EndGlobalSection
	GlobalSection(NestedProjects) = preSolution
		{6A15D05D-A3F0-41C7-BCDC-A1A5390CD181} = {54B846BA-A27D-B76F-8730-402A5742FF43}
		{903D712A-27E0-4615-AB93-16083E5B3E3A} = {54B846BA-A27D-B76F-8730-402A5742FF43}
		{AD717205-C676-4DF9-8095-4583BA342515} = {54B846BA-A27D-B76F-8730-402A5742FF43}
		{707C273D-CCC9-4CF3-B234-F54B2AB3D178} = {54B846BA-A27D-B76F-8730-402A5742FF43}
		{DC406D52-3A4B-4632-AD67-462875C067D3} = {54B846BA-A27D-B76F-8730-402A5742FF43}
		{9DF737C9-6EE5-4255-85C9-65337350DFDD} = {54B846BA-A27D-B76F-8730-402A5742FF43}
		{7D4F4EC0-C221-4BC9-8F8C-77BD4A3D39AA} = {43BAF0A3-C050-BE83-B489-7FC6F9FDE235}
		{C1F8DBEE-EBA0-4C58-B7C1-F4BCC8E6674D} = {43BAF0A3-C050-BE83-B489-7FC6F9FDE235}
		{A7EC2050-FE5E-4BBD-AF5F-7F07D3688118} = {43BAF0A3-C050-BE83-B489-7FC6F9FDE235}
		{16FA9B36-CB2A-4B79-A3BE-937C94BF03F8} = {43BAF0A3-C050-BE83-B489-7FC6F9FDE235}
		{EA9A0385-249F-4141-AD03-D67649110A84} = {43BAF0A3-C050-BE83-B489-7FC6F9FDE235}
		{B1234567-89AB-CDEF-0123-456789ABCDEF} = {54B846BA-A27D-B76F-8730-402A5742FF43}
		{D1234567-89AB-CDEF-0123-456789ABCDEF} = {43BAF0A3-C050-BE83-B489-7FC6F9FDE235}
		{5C11B1F1-F6FF-45B9-B037-EDD054EED3F3} = {43BAF0A3-C050-BE83-B489-7FC6F9FDE235}
		{0D96933C-DE5D-472B-9E9F-68DD15B85CF7} = {54B846BA-A27D-B76F-8730-402A5742FF43}
		{C0B4116E-0635-4597-971D-6B70229FA30A} = {5E63119C-E70B-5D45-ECC9-8CBACC584223}
		{9B303409-0052-45B9-8616-CC1ED80A5595} = {5E63119C-E70B-5D45-ECC9-8CBACC584223}
		{50CFDEC4-66C8-4330-8D5F-9D96A764378B} = {5E63119C-E70B-5D45-ECC9-8CBACC584223}
		{3522A6C5-6205-4C7D-B805-84847035A921} = {5E63119C-E70B-5D45-ECC9-8CBACC584223}
		{1EF92A45-C551-4B0F-9180-00E978DA499E} = {5E63119C-E70B-5D45-ECC9-8CBACC584223}
		{FC26C0FB-162E-4B4F-8561-9A688F4B42D2} = {5E63119C-E70B-5D45-ECC9-8CBACC584223}
		{D295DE84-3797-46B4-812E-E56FB629A341} = {5E63119C-E70B-5D45-ECC9-8CBACC584223}
		{1ACC151C-A655-472F-9177-996410A41665} = {5E63119C-E70B-5D45-ECC9-8CBACC584223}
		{5EB8D367-90CC-473F-8F89-B898D8F8BD43} = {C7F49633-8D5E-7E19-1580-A6459B2EAE66}
		{99B714F6-43FE-46F6-A9B3-B362B8B8F87D} = {C7F49633-8D5E-7E19-1580-A6459B2EAE66}
		{988EAF3A-7320-4630-AFDC-233AC33AAA65} = {C7F49633-8D5E-7E19-1580-A6459B2EAE66}
		{E23F2826-1857-4C3F-A90B-D4443DD84EFA} = {C7F49633-8D5E-7E19-1580-A6459B2EAE66}
		{BE9AC443-C15D-4962-A8D2-0CCD328E6B68} = {C841F5C2-8F30-5BE9-ECA6-260644CF6F9F}
		{392C12C2-ECBA-4728-9D8D-54BD2E10F7ED} = {5E63119C-E70B-5D45-ECC9-8CBACC584223}
		{57572A45-33CD-4928-9C30-13480AEDB313} = {C7F49633-8D5E-7E19-1580-A6459B2EAE66}
		{A8A70E6D-1D43-437F-9971-44A4FA1BDD74} = {43BAF0A3-C050-BE83-B489-7FC6F9FDE235}
		{6AB2EA96-4A75-49DB-AC65-B247BBFAE9A3} = {54B846BA-A27D-B76F-8730-402A5742FF43}
		{B0104C42-1B46-4CA5-9E91-A5F09D7E5B92} = {54B846BA-A27D-B76F-8730-402A5742FF43}
		{0D6A831B-4759-46F2-8527-51C8A9CB6F6F} = {54B846BA-A27D-B76F-8730-402A5742FF43}
		{238A9928-E501-46AD-963B-BB529A983D3E} = {43BAF0A3-C050-BE83-B489-7FC6F9FDE235}
		{3A67AEB1-3F78-4BBE-9F14-CA3350CA9F81} = {7E3B463F-4C55-B4D7-FA79-ADF7D77E220F}
		{1B908378-2196-4396-AFB4-C2FA3E4D71F7} = {7E3B463F-4C55-B4D7-FA79-ADF7D77E220F}
		{99C7B597-0B71-429C-89F8-A2AF6727D5B2} = {7E3B463F-4C55-B4D7-FA79-ADF7D77E220F}
		{6BB769C2-4164-4781-A68F-516172A048F1} = {7E3B463F-4C55-B4D7-FA79-ADF7D77E220F}
		{79CF7074-2442-402D-8E17-E7B222B00200} = {7E3B463F-4C55-B4D7-FA79-ADF7D77E220F}
		{A8E3E98F-3705-4AC7-BF59-ACD2D90C7504} = {6C7402B1-8968-47EB-8CE8-51768E9CAD79}
		{844487F2-1F62-4EAA-AE15-0E2A73C5EC96} = {6C7402B1-8968-47EB-8CE8-51768E9CAD79}
		{8E38A258-EA12-40DD-9268-9A6047DB2368} = {6C7402B1-8968-47EB-8CE8-51768E9CAD79}
		{0309F6C0-C462-49D6-83D5-7C4B93066AD3} = {54B846BA-A27D-B76F-8730-402A5742FF43}
		{94C443C0-AB5B-4FEC-9DB1-C1F29AB86653} = {5D20AA90-6969-D8BD-9DCD-8634F4692FDA}
		{31970639-E4E9-4AEF-83A1-B4DF00A4720C} = {5D20AA90-6969-D8BD-9DCD-8634F4692FDA}
		{57FF1C59-233D-49F2-B9A5-3E996EB484DE} = {5D20AA90-6969-D8BD-9DCD-8634F4692FDA}
		{3A1E29E7-2A50-4F26-96D7-D38D3328E595} = {5D20AA90-6969-D8BD-9DCD-8634F4692FDA}
	EndGlobalSection
	GlobalSection(ExtensibilityGlobals) = postSolution
		SolutionGuid = {53128A75-E7B6-4B83-B079-A309FCC2AD9C}
	EndGlobalSection
EndGlobal
